{
  "name": "test-project",
  "version": "1.1.0",
  "lockfileVersion": 2,
  "requires": true,
  "packages": {
    "": {
      "name": "test-project",
      "version": "1.1.0",
      "license": "ISC",
      "dependencies": {
        "indonesia-nodejs": "file:../indonesia-nodejs-1.0.8.tgz"
      }
    },
    "node_modules/indonesia-nodejs": {
      "version": "1.0.8",
      "resolved": "file:../indonesia-nodejs-1.0.8.tgz",
      "integrity": "sha512-khZjh2zeyHh672wJKmugICpt4UWvY+ampVuV5iZJEQX12CdzPccsvOLQDtOpQcK32z1dK0oSq1HMKl7EzcBQUA=="
    }
  },
  "dependencies": {
    "indonesia-nodejs": {
      "version": "file:../indonesia-nodejs-1.0.8.tgz",
      "integrity": "sha512-khZjh2zeyHh672wJKmugICpt4UWvY+ampVuV5iZJEQX12CdzPccsvOLQDtOpQcK32z1dK0oSq1HMKl7EzcBQUA=="
    }
  }
}
