{
  "name": "test-project",
  "version": "1.0.0",
  "lockfileVersion": 3,
  "requires": true,
  "packages": {
    "": {
      "name": "test-project",
      "version": "1.0.0",
      "license": "ISC",
      "dependencies": {
        "indonesia-nodejs": "file:../indonesia-nodejs-1.0.0.tgz"
      }
    },
    "node_modules/indonesia-nodejs": {
      "version": "1.0.0",
      "resolved": "file:../indonesia-nodejs-1.0.0.tgz",
      "integrity": "sha512-088iy2jv4t4NRLQDzDqCxsN+GxuBX4vbW7bcX3cm80cJLyT/fzxzY7Xf64jw1HvkxwEsZGv1jtoAb7Dv9qarFA=="
    }
  }
}
