{
  "name": "test-project",
  "version": "1.0.0",
  "lockfileVersion": 3,
  "requires": true,
  "packages": {
    "": {
      "name": "test-project",
      "version": "1.0.0",
      "license": "ISC",
      "dependencies": {
        "indonesia-nodejs": "file:../indonesia-nodejs-1.0.0.tgz"
      }
    },
    "node_modules/indonesia-nodejs": {
      "version": "1.0.0",
      "resolved": "file:../indonesia-nodejs-1.0.0.tgz",
      "integrity": "sha512-30d7AOguVT4sG+z5sxdFNC+W35lHJCb7mbWAvDSS1ecY5OojzIVnlcAF3KI5MeK1GCrYVkH83yzIDdPdJqCWhA=="
    }
  }
}
